
Microsoft Visual Studio Solution File, Format Version 12.00
# Visual Studio Version 16
VisualStudioVersion = 16.0.28729.10
MinimumVisualStudioVersion = 10.0.40219.1
Project("{FAE04EC0-301F-11D3-BF4B-00C04F79EFBC}") = "Calculadora de Formulas Especificas", "Calculadora de Formulas eEpecificas\Calculadora de Formulas Especificas.csproj", "{872D4464-351F-4BEE-8CAE-C9015324D8D1}"
EndProject
Project("{FAE04EC0-301F-11D3-BF4B-00C04F79EFBC}") = "Infrastructure", "Infrastructure\Infrastructure.csproj", "{E25F14AF-93C2-4875-8024-94C1D42E9F85}"
EndProject
Global
	GlobalSection(SolutionConfigurationPlatforms) = preSolution
		Debug|Any CPU = Debug|Any CPU
		Release|Any CPU = Release|Any CPU
	EndGlobalSection
	GlobalSection(ProjectConfigurationPlatforms) = postSolution
		{872D4464-351F-4BEE-8CAE-C9015324D8D1}.Debug|Any CPU.ActiveCfg = Debug|Any CPU
		{872D4464-351F-4BEE-8CAE-C9015324D8D1}.Debug|Any CPU.Build.0 = Debug|Any CPU
		{872D4464-351F-4BEE-8CAE-C9015324D8D1}.Release|Any CPU.ActiveCfg = Release|Any CPU
		{872D4464-351F-4BEE-8CAE-C9015324D8D1}.Release|Any CPU.Build.0 = Release|Any CPU
		{E25F14AF-93C2-4875-8024-94C1D42E9F85}.Debug|Any CPU.ActiveCfg = Debug|Any CPU
		{E25F14AF-93C2-4875-8024-94C1D42E9F85}.Debug|Any CPU.Build.0 = Debug|Any CPU
		{E25F14AF-93C2-4875-8024-94C1D42E9F85}.Release|Any CPU.ActiveCfg = Release|Any CPU
		{E25F14AF-93C2-4875-8024-94C1D42E9F85}.Release|Any CPU.Build.0 = Release|Any CPU
	EndGlobalSection
	GlobalSection(SolutionProperties) = preSolution
		HideSolutionNode = FALSE
	EndGlobalSection
	GlobalSection(ExtensibilityGlobals) = postSolution
		SolutionGuid = {C1230A88-8ABC-481C-8D59-FF1E9DE736E5}
	EndGlobalSection
EndGlobal
